// !$*UTF8*$!
{
	archiveVersion = 1;
	classes = {
	};
	objectVersion = 46;
	objects = {

/* Begin PBXBuildFile section */
		250383A81AB2C9D80034BB22 /* main.m in Sources */ = {isa = PBXBuildFile; fileRef = 250383A71AB2C9D80034BB22 /* main.m */; };
		250383AB1AB2C9D80034BB22 /* AppDelegate.m in Sources */ = {isa = PBXBuildFile; fileRef = 250383AA1AB2C9D80034BB22 /* AppDelegate.m */; };
		250383B31AB2C9D80034BB22 /* Images.xcassets in Resources */ = {isa = PBXBuildFile; fileRef = 250383B21AB2C9D80034BB22 /* Images.xcassets */; };
		250383B61AB2C9D80034BB22 /* LaunchScreen.xib in Resources */ = {isa = PBXBuildFile; fileRef = 250383B41AB2C9D80034BB22 /* LaunchScreen.xib */; };
		250383C21AB2C9D80034BB22 /* SCChartTests.m in Sources */ = {isa = PBXBuildFile; fileRef = 250383C11AB2C9D80034BB22 /* SCChartTests.m */; };
		250383CD1AB2CA300034BB22 /* SCViewController.m in Sources */ = {isa = PBXBuildFile; fileRef = 250383CC1AB2CA300034BB22 /* SCViewController.m */; };
		250383F31AB2CAA50034BB22 /* SCBar.m in Sources */ = {isa = PBXBuildFile; fileRef = 250383E61AB2CAA50034BB22 /* SCBar.m */; };
		250383F41AB2CAA50034BB22 /* SCBarChart.m in Sources */ = {isa = PBXBuildFile; fileRef = 250383E81AB2CAA50034BB22 /* SCBarChart.m */; };
		250383F51AB2CAA50034BB22 /* SCChart.m in Sources */ = {isa = PBXBuildFile; fileRef = 250383EA1AB2CAA50034BB22 /* SCChart.m */; };
		250383F61AB2CAA50034BB22 /* SCChartLabel.m in Sources */ = {isa = PBXBuildFile; fileRef = 250383EC1AB2CAA50034BB22 /* SCChartLabel.m */; };
		250383F71AB2CAA50034BB22 /* SCColor.m in Sources */ = {isa = PBXBuildFile; fileRef = 250383EE1AB2CAA50034BB22 /* SCColor.m */; };
		250383F81AB2CAA50034BB22 /* SCLineChart.m in Sources */ = {isa = PBXBuildFile; fileRef = 250383F01AB2CAA50034BB22 /* SCLineChart.m */; };
		250383F91AB2CAA50034BB22 /* SCTool.m in Sources */ = {isa = PBXBuildFile; fileRef = 250383F21AB2CAA50034BB22 /* SCTool.m */; };
		250383FE1AB2CCFB0034BB22 /* SCBarCell.m in Sources */ = {isa = PBXBuildFile; fileRef = 250383FB1AB2CCFB0034BB22 /* SCBarCell.m */; };
		250383FF1AB2CCFB0034BB22 /* SCChartCell.m in Sources */ = {isa = PBXBuildFile; fileRef = 250383FD1AB2CCFB0034BB22 /* SCChartCell.m */; };
		25FA1F3C1AC15F4300F4C43F /* SCCircleChart.m in Sources */ = {isa = PBXBuildFile; fileRef = 25FA1F3B1AC15F4300F4C43F /* SCCircleChart.m */; };
		25FA1F3F1AC15F4B00F4C43F /* UICountingLabel.m in Sources */ = {isa = PBXBuildFile; fileRef = 25FA1F3E1AC15F4B00F4C43F /* UICountingLabel.m */; };
		25FA1F421AC161BF00F4C43F /* SCCircleCell.m in Sources */ = {isa = PBXBuildFile; fileRef = 25FA1F411AC161BF00F4C43F /* SCCircleCell.m */; };
		25FA1F511AC1708800F4C43F /* SCPieChart.m in Sources */ = {isa = PBXBuildFile; fileRef = 25FA1F4E1AC1708800F4C43F /* SCPieChart.m */; };
		25FA1F521AC1708800F4C43F /* SCPieChartDataItem.m in Sources */ = {isa = PBXBuildFile; fileRef = 25FA1F501AC1708800F4C43F /* SCPieChartDataItem.m */; };
		25FA1F551AC170B200F4C43F /* SCPieCell.m in Sources */ = {isa = PBXBuildFile; fileRef = 25FA1F541AC170B200F4C43F /* SCPieCell.m */; };
		25FA1F581AC1718200F4C43F /* SCGenericChart.m in Sources */ = {isa = PBXBuildFile; fileRef = 25FA1F571AC1718200F4C43F /* SCGenericChart.m */; };
/* End PBXBuildFile section */

/* Begin PBXContainerItemProxy section */
		250383BC1AB2C9D80034BB22 /* PBXContainerItemProxy */ = {
			isa = PBXContainerItemProxy;
			containerPortal = 2503839A1AB2C9D80034BB22 /* Project object */;
			proxyType = 1;
			remoteGlobalIDString = 250383A11AB2C9D80034BB22;
			remoteInfo = SCChart;
		};
/* End PBXContainerItemProxy section */

/* Begin PBXFileReference section */
		250383A21AB2C9D80034BB22 /* SCChart.app */ = {isa = PBXFileReference; explicitFileType = wrapper.application; includeInIndex = 0; path = SCChart.app; sourceTree = BUILT_PRODUCTS_DIR; };
		250383A61AB2C9D80034BB22 /* Info.plist */ = {isa = PBXFileReference; lastKnownFileType = text.plist.xml; path = Info.plist; sourceTree = "<group>"; };
		250383A71AB2C9D80034BB22 /* main.m */ = {isa = PBXFileReference; lastKnownFileType = sourcecode.c.objc; path = main.m; sourceTree = "<group>"; };
		250383A91AB2C9D80034BB22 /* AppDelegate.h */ = {isa = PBXFileReference; lastKnownFileType = sourcecode.c.h; path = AppDelegate.h; sourceTree = "<group>"; };
		250383AA1AB2C9D80034BB22 /* AppDelegate.m */ = {isa = PBXFileReference; lastKnownFileType = sourcecode.c.objc; path = AppDelegate.m; sourceTree = "<group>"; };
		250383B21AB2C9D80034BB22 /* Images.xcassets */ = {isa = PBXFileReference; lastKnownFileType = folder.assetcatalog; path = Images.xcassets; sourceTree = "<group>"; };
		250383B51AB2C9D80034BB22 /* Base */ = {isa = PBXFileReference; lastKnownFileType = file.xib; name = Base; path = Base.lproj/LaunchScreen.xib; sourceTree = "<group>"; };
		250383BB1AB2C9D80034BB22 /* SCChartTests.xctest */ = {isa = PBXFileReference; explicitFileType = wrapper.cfbundle; includeInIndex = 0; path = SCChartTests.xctest; sourceTree = BUILT_PRODUCTS_DIR; };
		250383C01AB2C9D80034BB22 /* Info.plist */ = {isa = PBXFileReference; lastKnownFileType = text.plist.xml; path = Info.plist; sourceTree = "<group>"; };
		250383C11AB2C9D80034BB22 /* SCChartTests.m */ = {isa = PBXFileReference; lastKnownFileType = sourcecode.c.objc; path = SCChartTests.m; sourceTree = "<group>"; };
		250383CB1AB2CA300034BB22 /* SCViewController.h */ = {isa = PBXFileReference; fileEncoding = 4; lastKnownFileType = sourcecode.c.h; path = SCViewController.h; sourceTree = "<group>"; };
		250383CC1AB2CA300034BB22 /* SCViewController.m */ = {isa = PBXFileReference; fileEncoding = 4; lastKnownFileType = sourcecode.c.objc; path = SCViewController.m; sourceTree = "<group>"; };
		250383E51AB2CAA50034BB22 /* SCBar.h */ = {isa = PBXFileReference; fileEncoding = 4; lastKnownFileType = sourcecode.c.h; path = SCBar.h; sourceTree = "<group>"; };
		250383E61AB2CAA50034BB22 /* SCBar.m */ = {isa = PBXFileReference; fileEncoding = 4; lastKnownFileType = sourcecode.c.objc; path = SCBar.m; sourceTree = "<group>"; };
		250383E71AB2CAA50034BB22 /* SCBarChart.h */ = {isa = PBXFileReference; fileEncoding = 4; lastKnownFileType = sourcecode.c.h; path = SCBarChart.h; sourceTree = "<group>"; };
		250383E81AB2CAA50034BB22 /* SCBarChart.m */ = {isa = PBXFileReference; fileEncoding = 4; lastKnownFileType = sourcecode.c.objc; path = SCBarChart.m; sourceTree = "<group>"; };
		250383E91AB2CAA50034BB22 /* SCChart.h */ = {isa = PBXFileReference; fileEncoding = 4; lastKnownFileType = sourcecode.c.h; path = SCChart.h; sourceTree = "<group>"; };
		250383EA1AB2CAA50034BB22 /* SCChart.m */ = {isa = PBXFileReference; fileEncoding = 4; lastKnownFileType = sourcecode.c.objc; path = SCChart.m; sourceTree = "<group>"; };
		250383EB1AB2CAA50034BB22 /* SCChartLabel.h */ = {isa = PBXFileReference; fileEncoding = 4; lastKnownFileType = sourcecode.c.h; path = SCChartLabel.h; sourceTree = "<group>"; };
		250383EC1AB2CAA50034BB22 /* SCChartLabel.m */ = {isa = PBXFileReference; fileEncoding = 4; lastKnownFileType = sourcecode.c.objc; path = SCChartLabel.m; sourceTree = "<group>"; };
		250383ED1AB2CAA50034BB22 /* SCColor.h */ = {isa = PBXFileReference; fileEncoding = 4; lastKnownFileType = sourcecode.c.h; path = SCColor.h; sourceTree = "<group>"; };
		250383EE1AB2CAA50034BB22 /* SCColor.m */ = {isa = PBXFileReference; fileEncoding = 4; lastKnownFileType = sourcecode.c.objc; path = SCColor.m; sourceTree = "<group>"; };
		250383EF1AB2CAA50034BB22 /* SCLineChart.h */ = {isa = PBXFileReference; fileEncoding = 4; lastKnownFileType = sourcecode.c.h; path = SCLineChart.h; sourceTree = "<group>"; };
		250383F01AB2CAA50034BB22 /* SCLineChart.m */ = {isa = PBXFileReference; fileEncoding = 4; lastKnownFileType = sourcecode.c.objc; path = SCLineChart.m; sourceTree = "<group>"; };
		250383F11AB2CAA50034BB22 /* SCTool.h */ = {isa = PBXFileReference; fileEncoding = 4; lastKnownFileType = sourcecode.c.h; path = SCTool.h; sourceTree = "<group>"; };
		250383F21AB2CAA50034BB22 /* SCTool.m */ = {isa = PBXFileReference; fileEncoding = 4; lastKnownFileType = sourcecode.c.objc; path = SCTool.m; sourceTree = "<group>"; };
		250383FA1AB2CCFB0034BB22 /* SCBarCell.h */ = {isa = PBXFileReference; fileEncoding = 4; lastKnownFileType = sourcecode.c.h; path = SCBarCell.h; sourceTree = "<group>"; };
		250383FB1AB2CCFB0034BB22 /* SCBarCell.m */ = {isa = PBXFileReference; fileEncoding = 4; lastKnownFileType = sourcecode.c.objc; path = SCBarCell.m; sourceTree = "<group>"; };
		250383FC1AB2CCFB0034BB22 /* SCChartCell.h */ = {isa = PBXFileReference; fileEncoding = 4; lastKnownFileType = sourcecode.c.h; path = SCChartCell.h; sourceTree = "<group>"; };
		250383FD1AB2CCFB0034BB22 /* SCChartCell.m */ = {isa = PBXFileReference; fileEncoding = 4; lastKnownFileType = sourcecode.c.objc; path = SCChartCell.m; sourceTree = "<group>"; };
		25FA1F3A1AC15F4300F4C43F /* SCCircleChart.h */ = {isa = PBXFileReference; fileEncoding = 4; lastKnownFileType = sourcecode.c.h; path = SCCircleChart.h; sourceTree = "<group>"; };
		25FA1F3B1AC15F4300F4C43F /* SCCircleChart.m */ = {isa = PBXFileReference; fileEncoding = 4; lastKnownFileType = sourcecode.c.objc; path = SCCircleChart.m; sourceTree = "<group>"; };
		25FA1F3D1AC15F4B00F4C43F /* UICountingLabel.h */ = {isa = PBXFileReference; fileEncoding = 4; lastKnownFileType = sourcecode.c.h; path = UICountingLabel.h; sourceTree = "<group>"; };
		25FA1F3E1AC15F4B00F4C43F /* UICountingLabel.m */ = {isa = PBXFileReference; fileEncoding = 4; lastKnownFileType = sourcecode.c.objc; path = UICountingLabel.m; sourceTree = "<group>"; };
		25FA1F401AC161BF00F4C43F /* SCCircleCell.h */ = {isa = PBXFileReference; fileEncoding = 4; lastKnownFileType = sourcecode.c.h; path = SCCircleCell.h; sourceTree = "<group>"; };
		25FA1F411AC161BF00F4C43F /* SCCircleCell.m */ = {isa = PBXFileReference; fileEncoding = 4; lastKnownFileType = sourcecode.c.objc; path = SCCircleCell.m; sourceTree = "<group>"; };
		25FA1F4D1AC1708800F4C43F /* SCPieChart.h */ = {isa = PBXFileReference; fileEncoding = 4; lastKnownFileType = sourcecode.c.h; path = SCPieChart.h; sourceTree = "<group>"; };
		25FA1F4E1AC1708800F4C43F /* SCPieChart.m */ = {isa = PBXFileReference; fileEncoding = 4; lastKnownFileType = sourcecode.c.objc; path = SCPieChart.m; sourceTree = "<group>"; };
		25FA1F4F1AC1708800F4C43F /* SCPieChartDataItem.h */ = {isa = PBXFileReference; fileEncoding = 4; lastKnownFileType = sourcecode.c.h; path = SCPieChartDataItem.h; sourceTree = "<group>"; };
		25FA1F501AC1708800F4C43F /* SCPieChartDataItem.m */ = {isa = PBXFileReference; fileEncoding = 4; lastKnownFileType = sourcecode.c.objc; path = SCPieChartDataItem.m; sourceTree = "<group>"; };
		25FA1F531AC170B200F4C43F /* SCPieCell.h */ = {isa = PBXFileReference; fileEncoding = 4; lastKnownFileType = sourcecode.c.h; path = SCPieCell.h; sourceTree = "<group>"; };
		25FA1F541AC170B200F4C43F /* SCPieCell.m */ = {isa = PBXFileReference; fileEncoding = 4; lastKnownFileType = sourcecode.c.objc; path = SCPieCell.m; sourceTree = "<group>"; };
		25FA1F561AC1718200F4C43F /* SCGenericChart.h */ = {isa = PBXFileReference; fileEncoding = 4; lastKnownFileType = sourcecode.c.h; path = SCGenericChart.h; sourceTree = "<group>"; };
		25FA1F571AC1718200F4C43F /* SCGenericChart.m */ = {isa = PBXFileReference; fileEncoding = 4; lastKnownFileType = sourcecode.c.objc; path = SCGenericChart.m; sourceTree = "<group>"; };
		25FA1F591AC1718E00F4C43F /* SCChartDelegate.h */ = {isa = PBXFileReference; lastKnownFileType = sourcecode.c.h; path = SCChartDelegate.h; sourceTree = "<group>"; };
/* End PBXFileReference section */

/* Begin PBXFrameworksBuildPhase section */
		2503839F1AB2C9D80034BB22 /* Frameworks */ = {
			isa = PBXFrameworksBuildPhase;
			buildActionMask = 2147483647;
			files = (
			);
			runOnlyForDeploymentPostprocessing = 0;
		};
		250383B81AB2C9D80034BB22 /* Frameworks */ = {
			isa = PBXFrameworksBuildPhase;
			buildActionMask = 2147483647;
			files = (
			);
			runOnlyForDeploymentPostprocessing = 0;
		};
/* End PBXFrameworksBuildPhase section */

/* Begin PBXGroup section */
		250383991AB2C9D80034BB22 = {
			isa = PBXGroup;
			children = (
				250383A41AB2C9D80034BB22 /* SCChart */,
				250383BE1AB2C9D80034BB22 /* SCChartTests */,
				250383A31AB2C9D80034BB22 /* Products */,
			);
			sourceTree = "<group>";
		};
		250383A31AB2C9D80034BB22 /* Products */ = {
			isa = PBXGroup;
			children = (
				250383A21AB2C9D80034BB22 /* SCChart.app */,
				250383BB1AB2C9D80034BB22 /* SCChartTests.xctest */,
			);
			name = Products;
			sourceTree = "<group>";
		};
		250383A41AB2C9D80034BB22 /* SCChart */ = {
			isa = PBXGroup;
			children = (
				250383E41AB2CAA50034BB22 /* SCChart */,
				250383A91AB2C9D80034BB22 /* AppDelegate.h */,
				250383AA1AB2C9D80034BB22 /* AppDelegate.m */,
				250383CB1AB2CA300034BB22 /* SCViewController.h */,
				250383CC1AB2CA300034BB22 /* SCViewController.m */,
				250383FC1AB2CCFB0034BB22 /* SCChartCell.h */,
				250383FD1AB2CCFB0034BB22 /* SCChartCell.m */,
				250383FA1AB2CCFB0034BB22 /* SCBarCell.h */,
				250383FB1AB2CCFB0034BB22 /* SCBarCell.m */,
				25FA1F401AC161BF00F4C43F /* SCCircleCell.h */,
				25FA1F411AC161BF00F4C43F /* SCCircleCell.m */,
				25FA1F531AC170B200F4C43F /* SCPieCell.h */,
				25FA1F541AC170B200F4C43F /* SCPieCell.m */,
				250383B21AB2C9D80034BB22 /* Images.xcassets */,
				250383B41AB2C9D80034BB22 /* LaunchScreen.xib */,
				250383A51AB2C9D80034BB22 /* Supporting Files */,
			);
			path = SCChart;
			sourceTree = "<group>";
		};
		250383A51AB2C9D80034BB22 /* Supporting Files */ = {
			isa = PBXGroup;
			children = (
				250383A61AB2C9D80034BB22 /* Info.plist */,
				250383A71AB2C9D80034BB22 /* main.m */,
			);
			name = "Supporting Files";
			sourceTree = "<group>";
		};
		250383BE1AB2C9D80034BB22 /* SCChartTests */ = {
			isa = PBXGroup;
			children = (
				250383C11AB2C9D80034BB22 /* SCChartTests.m */,
				250383BF1AB2C9D80034BB22 /* Supporting Files */,
			);
			path = SCChartTests;
			sourceTree = "<group>";
		};
		250383BF1AB2C9D80034BB22 /* Supporting Files */ = {
			isa = PBXGroup;
			children = (
				250383C01AB2C9D80034BB22 /* Info.plist */,
			);
			name = "Supporting Files";
			sourceTree = "<group>";
		};
		250383E41AB2CAA50034BB22 /* SCChart */ = {
			isa = PBXGroup;
			children = (
				250383E91AB2CAA50034BB22 /* SCChart.h */,
				250383EA1AB2CAA50034BB22 /* SCChart.m */,
				250383EF1AB2CAA50034BB22 /* SCLineChart.h */,
				250383F01AB2CAA50034BB22 /* SCLineChart.m */,
				250383E71AB2CAA50034BB22 /* SCBarChart.h */,
				250383E81AB2CAA50034BB22 /* SCBarChart.m */,
				25FA1F3A1AC15F4300F4C43F /* SCCircleChart.h */,
				25FA1F3B1AC15F4300F4C43F /* SCCircleChart.m */,
				25FA1F4D1AC1708800F4C43F /* SCPieChart.h */,
				25FA1F4E1AC1708800F4C43F /* SCPieChart.m */,
				250383E51AB2CAA50034BB22 /* SCBar.h */,
				250383E61AB2CAA50034BB22 /* SCBar.m */,
				250383EB1AB2CAA50034BB22 /* SCChartLabel.h */,
				250383EC1AB2CAA50034BB22 /* SCChartLabel.m */,
				250383ED1AB2CAA50034BB22 /* SCColor.h */,
				250383EE1AB2CAA50034BB22 /* SCColor.m */,
				250383F11AB2CAA50034BB22 /* SCTool.h */,
				250383F21AB2CAA50034BB22 /* SCTool.m */,
				25FA1F3D1AC15F4B00F4C43F /* UICountingLabel.h */,
				25FA1F3E1AC15F4B00F4C43F /* UICountingLabel.m */,
				25FA1F4F1AC1708800F4C43F /* SCPieChartDataItem.h */,
				25FA1F501AC1708800F4C43F /* SCPieChartDataItem.m */,
				25FA1F561AC1718200F4C43F /* SCGenericChart.h */,
				25FA1F571AC1718200F4C43F /* SCGenericChart.m */,
				25FA1F591AC1718E00F4C43F /* SCChartDelegate.h */,
			);
			path = SCChart;
			sourceTree = "<group>";
		};
/* End PBXGroup section */

/* Begin PBXNativeTarget section */
		250383A11AB2C9D80034BB22 /* SCChart */ = {
			isa = PBXNativeTarget;
			buildConfigurationList = 250383C51AB2C9D80034BB22 /* Build configuration list for PBXNativeTarget "SCChart" */;
			buildPhases = (
				2503839E1AB2C9D80034BB22 /* Sources */,
				2503839F1AB2C9D80034BB22 /* Frameworks */,
				250383A01AB2C9D80034BB22 /* Resources */,
			);
			buildRules = (
			);
			dependencies = (
			);
			name = SCChart;
			productName = SCChart;
			productReference = 250383A21AB2C9D80034BB22 /* SCChart.app */;
			productType = "com.apple.product-type.application";
		};
		250383BA1AB2C9D80034BB22 /* SCChartTests */ = {
			isa = PBXNativeTarget;
			buildConfigurationList = 250383C81AB2C9D80034BB22 /* Build configuration list for PBXNativeTarget "SCChartTests" */;
			buildPhases = (
				250383B71AB2C9D80034BB22 /* Sources */,
				250383B81AB2C9D80034BB22 /* Frameworks */,
				250383B91AB2C9D80034BB22 /* Resources */,
			);
			buildRules = (
			);
			dependencies = (
				250383BD1AB2C9D80034BB22 /* PBXTargetDependency */,
			);
			name = SCChartTests;
			productName = SCChartTests;
			productReference = 250383BB1AB2C9D80034BB22 /* SCChartTests.xctest */;
			productType = "com.apple.product-type.bundle.unit-test";
		};
/* End PBXNativeTarget section */

/* Begin PBXProject section */
		2503839A1AB2C9D80034BB22 /* Project object */ = {
			isa = PBXProject;
			attributes = {
				CLASSPREFIX = SC;
				LastUpgradeCheck = 0610;
				ORGANIZATIONNAME = meilishuo;
				TargetAttributes = {
					250383A11AB2C9D80034BB22 = {
						CreatedOnToolsVersion = 6.1;
					};
					250383BA1AB2C9D80034BB22 = {
						CreatedOnToolsVersion = 6.1;
						TestTargetID = 250383A11AB2C9D80034BB22;
					};
				};
			};
			buildConfigurationList = 2503839D1AB2C9D80034BB22 /* Build configuration list for PBXProject "SCChart" */;
			compatibilityVersion = "Xcode 3.2";
			developmentRegion = English;
			hasScannedForEncodings = 0;
			knownRegions = (
				en,
				Base,
			);
			mainGroup = 250383991AB2C9D80034BB22;
			productRefGroup = 250383A31AB2C9D80034BB22 /* Products */;
			projectDirPath = "";
			projectRoot = "";
			targets = (
				250383A11AB2C9D80034BB22 /* SCChart */,
				250383BA1AB2C9D80034BB22 /* SCChartTests */,
			);
		};
/* End PBXProject section */

/* Begin PBXResourcesBuildPhase section */
		250383A01AB2C9D80034BB22 /* Resources */ = {
			isa = PBXResourcesBuildPhase;
			buildActionMask = 2147483647;
			files = (
				250383B61AB2C9D80034BB22 /* LaunchScreen.xib in Resources */,
				250383B31AB2C9D80034BB22 /* Images.xcassets in Resources */,
			);
			runOnlyForDeploymentPostprocessing = 0;
		};
		250383B91AB2C9D80034BB22 /* Resources */ = {
			isa = PBXResourcesBuildPhase;
			buildActionMask = 2147483647;
			files = (
			);
			runOnlyForDeploymentPostprocessing = 0;
		};
/* End PBXResourcesBuildPhase section */

/* Begin PBXSourcesBuildPhase section */
		2503839E1AB2C9D80034BB22 /* Sources */ = {
			isa = PBXSourcesBuildPhase;
			buildActionMask = 2147483647;
			files = (
				250383F61AB2CAA50034BB22 /* SCChartLabel.m in Sources */,
				250383FF1AB2CCFB0034BB22 /* SCChartCell.m in Sources */,
				250383F91AB2CAA50034BB22 /* SCTool.m in Sources */,
				25FA1F3F1AC15F4B00F4C43F /* UICountingLabel.m in Sources */,
				25FA1F421AC161BF00F4C43F /* SCCircleCell.m in Sources */,
				25FA1F511AC1708800F4C43F /* SCPieChart.m in Sources */,
				25FA1F521AC1708800F4C43F /* SCPieChartDataItem.m in Sources */,
				250383FE1AB2CCFB0034BB22 /* SCBarCell.m in Sources */,
				250383F71AB2CAA50034BB22 /* SCColor.m in Sources */,
				250383AB1AB2C9D80034BB22 /* AppDelegate.m in Sources */,
				250383F41AB2CAA50034BB22 /* SCBarChart.m in Sources */,
				250383F31AB2CAA50034BB22 /* SCBar.m in Sources */,
				250383F81AB2CAA50034BB22 /* SCLineChart.m in Sources */,
				25FA1F3C1AC15F4300F4C43F /* SCCircleChart.m in Sources */,
				250383CD1AB2CA300034BB22 /* SCViewController.m in Sources */,
				250383F51AB2CAA50034BB22 /* SCChart.m in Sources */,
				25FA1F551AC170B200F4C43F /* SCPieCell.m in Sources */,
				25FA1F581AC1718200F4C43F /* SCGenericChart.m in Sources */,
				250383A81AB2C9D80034BB22 /* main.m in Sources */,
			);
			runOnlyForDeploymentPostprocessing = 0;
		};
		250383B71AB2C9D80034BB22 /* Sources */ = {
			isa = PBXSourcesBuildPhase;
			buildActionMask = 2147483647;
			files = (
				250383C21AB2C9D80034BB22 /* SCChartTests.m in Sources */,
			);
			runOnlyForDeploymentPostprocessing = 0;
		};
/* End PBXSourcesBuildPhase section */

/* Begin PBXTargetDependency section */
		250383BD1AB2C9D80034BB22 /* PBXTargetDependency */ = {
			isa = PBXTargetDependency;
			target = 250383A11AB2C9D80034BB22 /* SCChart */;
			targetProxy = 250383BC1AB2C9D80034BB22 /* PBXContainerItemProxy */;
		};
/* End PBXTargetDependency section */

/* Begin PBXVariantGroup section */
		250383B41AB2C9D80034BB22 /* LaunchScreen.xib */ = {
			isa = PBXVariantGroup;
			children = (
				250383B51AB2C9D80034BB22 /* Base */,
			);
			name = LaunchScreen.xib;
			sourceTree = "<group>";
		};
/* End PBXVariantGroup section */

/* Begin XCBuildConfiguration section */
		250383C31AB2C9D80034BB22 /* Debug */ = {
			isa = XCBuildConfiguration;
			buildSettings = {
				ALWAYS_SEARCH_USER_PATHS = NO;
				CLANG_CXX_LANGUAGE_STANDARD = "gnu++0x";
				CLANG_CXX_LIBRARY = "libc++";
				CLANG_ENABLE_MODULES = YES;
				CLANG_ENABLE_OBJC_ARC = YES;
				CLANG_WARN_BOOL_CONVERSION = YES;
				CLANG_WARN_CONSTANT_CONVERSION = YES;
				CLANG_WARN_DIRECT_OBJC_ISA_USAGE = YES_ERROR;
				CLANG_WARN_EMPTY_BODY = YES;
				CLANG_WARN_ENUM_CONVERSION = YES;
				CLANG_WARN_INT_CONVERSION = YES;
				CLANG_WARN_OBJC_ROOT_CLASS = YES_ERROR;
				CLANG_WARN_UNREACHABLE_CODE = YES;
				CLANG_WARN__DUPLICATE_METHOD_MATCH = YES;
				"CODE_SIGN_IDENTITY[sdk=iphoneos*]" = "iPhone Developer";
				COPY_PHASE_STRIP = NO;
				ENABLE_STRICT_OBJC_MSGSEND = YES;
				GCC_C_LANGUAGE_STANDARD = gnu99;
				GCC_DYNAMIC_NO_PIC = NO;
				GCC_OPTIMIZATION_LEVEL = 0;
				GCC_PREPROCESSOR_DEFINITIONS = (
					"DEBUG=1",
					"$(inherited)",
				);
				GCC_SYMBOLS_PRIVATE_EXTERN = NO;
				GCC_WARN_64_TO_32_BIT_CONVERSION = YES;
				GCC_WARN_ABOUT_RETURN_TYPE = YES_ERROR;
				GCC_WARN_UNDECLARED_SELECTOR = YES;
				GCC_WARN_UNINITIALIZED_AUTOS = YES_AGGRESSIVE;
				GCC_WARN_UNUSED_FUNCTION = YES;
				GCC_WARN_UNUSED_VARIABLE = YES;
				IPHONEOS_DEPLOYMENT_TARGET = 8.1;
				MTL_ENABLE_DEBUG_INFO = YES;
				ONLY_ACTIVE_ARCH = YES;
				SDKROOT = iphoneos;
				TARGETED_DEVICE_FAMILY = "1,2";
			};
			name = Debug;
		};
		250383C41AB2C9D80034BB22 /* Release */ = {
			isa = XCBuildConfiguration;
			buildSettings = {
				ALWAYS_SEARCH_USER_PATHS = NO;
				CLANG_CXX_LANGUAGE_STANDARD = "gnu++0x";
				CLANG_CXX_LIBRARY = "libc++";
				CLANG_ENABLE_MODULES = YES;
				CLANG_ENABLE_OBJC_ARC = YES;
				CLANG_WARN_BOOL_CONVERSION = YES;
				CLANG_WARN_CONSTANT_CONVERSION = YES;
				CLANG_WARN_DIRECT_OBJC_ISA_USAGE = YES_ERROR;
				CLANG_WARN_EMPTY_BODY = YES;
				CLANG_WARN_ENUM_CONVERSION = YES;
				CLANG_WARN_INT_CONVERSION = YES;
				CLANG_WARN_OBJC_ROOT_CLASS = YES_ERROR;
				CLANG_WARN_UNREACHABLE_CODE = YES;
				CLANG_WARN__DUPLICATE_METHOD_MATCH = YES;
				"CODE_SIGN_IDENTITY[sdk=iphoneos*]" = "iPhone Developer";
				COPY_PHASE_STRIP = YES;
				ENABLE_NS_ASSERTIONS = NO;
				ENABLE_STRICT_OBJC_MSGSEND = YES;
				GCC_C_LANGUAGE_STANDARD = gnu99;
				GCC_WARN_64_TO_32_BIT_CONVERSION = YES;
				GCC_WARN_ABOUT_RETURN_TYPE = YES_ERROR;
				GCC_WARN_UNDECLARED_SELECTOR = YES;
				GCC_WARN_UNINITIALIZED_AUTOS = YES_AGGRESSIVE;
				GCC_WARN_UNUSED_FUNCTION = YES;
				GCC_WARN_UNUSED_VARIABLE = YES;
				IPHONEOS_DEPLOYMENT_TARGET = 8.1;
				MTL_ENABLE_DEBUG_INFO = NO;
				SDKROOT = iphoneos;
				TARGETED_DEVICE_FAMILY = "1,2";
				VALIDATE_PRODUCT = YES;
			};
			name = Release;
		};
		250383C61AB2C9D80034BB22 /* Debug */ = {
			isa = XCBuildConfiguration;
			buildSettings = {
				ASSETCATALOG_COMPILER_APPICON_NAME = AppIcon;
				INFOPLIST_FILE = SCChart/Info.plist;
				LD_RUNPATH_SEARCH_PATHS = "$(inherited) @executable_path/Frameworks";
				PRODUCT_NAME = "$(TARGET_NAME)";
			};
			name = Debug;
		};
		250383C71AB2C9D80034BB22 /* Release */ = {
			isa = XCBuildConfiguration;
			buildSettings = {
				ASSETCATALOG_COMPILER_APPICON_NAME = AppIcon;
				INFOPLIST_FILE = SCChart/Info.plist;
				LD_RUNPATH_SEARCH_PATHS = "$(inherited) @executable_path/Frameworks";
				PRODUCT_NAME = "$(TARGET_NAME)";
			};
			name = Release;
		};
		250383C91AB2C9D80034BB22 /* Debug */ = {
			isa = XCBuildConfiguration;
			buildSettings = {
				BUNDLE_LOADER = "$(TEST_HOST)";
				FRAMEWORK_SEARCH_PATHS = (
					"$(SDKROOT)/Developer/Library/Frameworks",
					"$(inherited)",
				);
				GCC_PREPROCESSOR_DEFINITIONS = (
					"DEBUG=1",
					"$(inherited)",
				);
				INFOPLIST_FILE = SCChartTests/Info.plist;
				LD_RUNPATH_SEARCH_PATHS = "$(inherited) @executable_path/Frameworks @loader_path/Frameworks";
				PRODUCT_NAME = "$(TARGET_NAME)";
				TEST_HOST = "$(BUILT_PRODUCTS_DIR)/SCChart.app/SCChart";
			};
			name = Debug;
		};
		250383CA1AB2C9D80034BB22 /* Release */ = {
			isa = XCBuildConfiguration;
			buildSettings = {
				BUNDLE_LOADER = "$(TEST_HOST)";
				FRAMEWORK_SEARCH_PATHS = (
					"$(SDKROOT)/Developer/Library/Frameworks",
					"$(inherited)",
				);
				INFOPLIST_FILE = SCChartTests/Info.plist;
				LD_RUNPATH_SEARCH_PATHS = "$(inherited) @executable_path/Frameworks @loader_path/Frameworks";
				PRODUCT_NAME = "$(TARGET_NAME)";
				TEST_HOST = "$(BUILT_PRODUCTS_DIR)/SCChart.app/SCChart";
			};
			name = Release;
		};
/* End XCBuildConfiguration section */

/* Begin XCConfigurationList section */
		2503839D1AB2C9D80034BB22 /* Build configuration list for PBXProject "SCChart" */ = {
			isa = XCConfigurationList;
			buildConfigurations = (
				250383C31AB2C9D80034BB22 /* Debug */,
				250383C41AB2C9D80034BB22 /* Release */,
			);
			defaultConfigurationIsVisible = 0;
			defaultConfigurationName = Release;
		};
		250383C51AB2C9D80034BB22 /* Build configuration list for PBXNativeTarget "SCChart" */ = {
			isa = XCConfigurationList;
			buildConfigurations = (
				250383C61AB2C9D80034BB22 /* Debug */,
				250383C71AB2C9D80034BB22 /* Release */,
			);
			defaultConfigurationIsVisible = 0;
			defaultConfigurationName = Release;
		};
		250383C81AB2C9D80034BB22 /* Build configuration list for PBXNativeTarget "SCChartTests" */ = {
			isa = XCConfigurationList;
			buildConfigurations = (
				250383C91AB2C9D80034BB22 /* Debug */,
				250383CA1AB2C9D80034BB22 /* Release */,
			);
			defaultConfigurationIsVisible = 0;
			defaultConfigurationName = Release;
		};
/* End XCConfigurationList section */
	};
	rootObject = 2503839A1AB2C9D80034BB22 /* Project object */;
}
